{
  "name": "cms-landing-page",
  "lockfileVersion": 2,
  "requires": true,
  "packages": {
    "": {
      "dependencies": {
        "datatables.net-jqui": "^2.0.7"
      }
    },
    "node_modules/datatables.net": {
      "version": "2.0.7",
      "resolved": "https://registry.npmjs.org/datatables.net/-/datatables.net-2.0.7.tgz",
      "integrity": "sha512-cyW+HZwkMzb4bLrao/SS9/i64ZHiw5nYhXl+OwuOPgddG+R9O11iOEke8wYsdiyOQmjv2mE6xkEmRMZwHZc8zw==",
      "dependencies": {
        "jquery": ">=1.7"
      }
    },
    "node_modules/datatables.net-jqui": {
      "version": "2.0.7",
      "resolved": "https://registry.npmjs.org/datatables.net-jqui/-/datatables.net-jqui-2.0.7.tgz",
      "integrity": "sha512-8KgffAM6mqIAKhER1V41Q5RjWGXh00icdy/bQz414Kag3Bo/pkm2R3avH4FVdQMqzGnqFBgn/hndvTuOtaRmHg==",
      "dependencies": {
        "datatables.net": "2.0.7",
        "jquery": ">=1.7"
      }
    },
    "node_modules/jquery": {
      "version": "3.7.1",
      "resolved": "https://registry.npmjs.org/jquery/-/jquery-3.7.1.tgz",
      "integrity": "sha512-m4avr8yL8kmFN8psrbFFFmB/If14iN5o9nw/NgnnM+kybDJpRsAynV2BsfpTYrTRysYUdADVD7CkUUizgkpLfg=="
    }
  },
  "dependencies": {
    "datatables.net": {
      "version": "2.0.7",
      "resolved": "https://registry.npmjs.org/datatables.net/-/datatables.net-2.0.7.tgz",
      "integrity": "sha512-cyW+HZwkMzb4bLrao/SS9/i64ZHiw5nYhXl+OwuOPgddG+R9O11iOEke8wYsdiyOQmjv2mE6xkEmRMZwHZc8zw==",
      "requires": {
        "jquery": ">=1.7"
      }
    },
    "datatables.net-jqui": {
      "version": "2.0.7",
      "resolved": "https://registry.npmjs.org/datatables.net-jqui/-/datatables.net-jqui-2.0.7.tgz",
      "integrity": "sha512-8KgffAM6mqIAKhER1V41Q5RjWGXh00icdy/bQz414Kag3Bo/pkm2R3avH4FVdQMqzGnqFBgn/hndvTuOtaRmHg==",
      "requires": {
        "datatables.net": "2.0.7",
        "jquery": ">=1.7"
      }
    },
    "jquery": {
      "version": "3.7.1",
      "resolved": "https://registry.npmjs.org/jquery/-/jquery-3.7.1.tgz",
      "integrity": "sha512-m4avr8yL8kmFN8psrbFFFmB/If14iN5o9nw/NgnnM+kybDJpRsAynV2BsfpTYrTRysYUdADVD7CkUUizgkpLfg=="
    }
  }
}
